// !$*UTF8*$!
{
	archiveVersion = 1;
	classes = {
	};
	objectVersion = 56;
	objects = {

/* Begin PBXBuildFile section */
		ACA39FBA2A461D000019CDBB /* InternetStatus.swift in Sources */ = {isa = PBXBuildFile; fileRef = ACA39FB92A461D000019CDBB /* InternetStatus.swift */; };
		ACC914FE2A43777C00FAF1D3 /* AppDelegate.swift in Sources */ = {isa = PBXBuildFile; fileRef = ACC914FD2A43777C00FAF1D3 /* AppDelegate.swift */; };
		ACC915002A43777C00FAF1D3 /* SceneDelegate.swift in Sources */ = {isa = PBXBuildFile; fileRef = ACC914FF2A43777C00FAF1D3 /* SceneDelegate.swift */; };
		ACC915022A43777C00FAF1D3 /* ViewController.swift in Sources */ = {isa = PBXBuildFile; fileRef = ACC915012A43777C00FAF1D3 /* ViewController.swift */; };
		ACC915052A43777C00FAF1D3 /* Main.storyboard in Resources */ = {isa = PBXBuildFile; fileRef = ACC915032A43777C00FAF1D3 /* Main.storyboard */; };
		ACC915072A43777E00FAF1D3 /* Assets.xcassets in Resources */ = {isa = PBXBuildFile; fileRef = ACC915062A43777E00FAF1D3 /* Assets.xcassets */; };
		ACC9150A2A43777E00FAF1D3 /* LaunchScreen.storyboard in Resources */ = {isa = PBXBuildFile; fileRef = ACC915082A43777E00FAF1D3 /* LaunchScreen.storyboard */; };
		ACC915152A43777E00FAF1D3 /* CatalogoElektraTests.swift in Sources */ = {isa = PBXBuildFile; fileRef = ACC915142A43777E00FAF1D3 /* CatalogoElektraTests.swift */; };
		ACC9151F2A43777E00FAF1D3 /* CatalogoElektraUITests.swift in Sources */ = {isa = PBXBuildFile; fileRef = ACC9151E2A43777E00FAF1D3 /* CatalogoElektraUITests.swift */; };
		ACC915212A43777E00FAF1D3 /* CatalogoElektraUITestsLaunchTests.swift in Sources */ = {isa = PBXBuildFile; fileRef = ACC915202A43777E00FAF1D3 /* CatalogoElektraUITestsLaunchTests.swift */; };
		ACC9152E2A437DF500FAF1D3 /* CatalogoViewController.swift in Sources */ = {isa = PBXBuildFile; fileRef = ACC9152D2A437DF500FAF1D3 /* CatalogoViewController.swift */; };
		ACC915322A4384B800FAF1D3 /* DataProduct.swift in Sources */ = {isa = PBXBuildFile; fileRef = ACC915312A4384B800FAF1D3 /* DataProduct.swift */; };
		ACC915352A43868800FAF1D3 /* DataCatalog.swift in Sources */ = {isa = PBXBuildFile; fileRef = ACC915342A43868800FAF1D3 /* DataCatalog.swift */; };
		ACC915372A43873200FAF1D3 /* Resultado.swift in Sources */ = {isa = PBXBuildFile; fileRef = ACC915362A43873200FAF1D3 /* Resultado.swift */; };
		ACC915392A4387C300FAF1D3 /* Paginacion.swift in Sources */ = {isa = PBXBuildFile; fileRef = ACC915382A4387C300FAF1D3 /* Paginacion.swift */; };
		ACC9153B2A43880F00FAF1D3 /* Producto.swift in Sources */ = {isa = PBXBuildFile; fileRef = ACC9153A2A43880F00FAF1D3 /* Producto.swift */; };
		ACC9153D2A4388FB00FAF1D3 /* AbonosSemanale.swift in Sources */ = {isa = PBXBuildFile; fileRef = ACC9153C2A4388FB00FAF1D3 /* AbonosSemanale.swift */; };
		ACC915442A43B79F00FAF1D3 /* CellProductTableViewCell.swift in Sources */ = {isa = PBXBuildFile; fileRef = ACC915422A43B79F00FAF1D3 /* CellProductTableViewCell.swift */; };
		ACC915452A43B79F00FAF1D3 /* CellProductTableViewCell.xib in Resources */ = {isa = PBXBuildFile; fileRef = ACC915432A43B79F00FAF1D3 /* CellProductTableViewCell.xib */; };
/* End PBXBuildFile section */

/* Begin PBXContainerItemProxy section */
		ACC915112A43777E00FAF1D3 /* PBXContainerItemProxy */ = {
			isa = PBXContainerItemProxy;
			containerPortal = ACC914F22A43777C00FAF1D3 /* Project object */;
			proxyType = 1;
			remoteGlobalIDString = ACC914F92A43777C00FAF1D3;
			remoteInfo = CatalogoElektra;
		};
		ACC9151B2A43777E00FAF1D3 /* PBXContainerItemProxy */ = {
			isa = PBXContainerItemProxy;
			containerPortal = ACC914F22A43777C00FAF1D3 /* Project object */;
			proxyType = 1;
			remoteGlobalIDString = ACC914F92A43777C00FAF1D3;
			remoteInfo = CatalogoElektra;
		};
/* End PBXContainerItemProxy section */

/* Begin PBXFileReference section */
		ACA39FB92A461D000019CDBB /* InternetStatus.swift */ = {isa = PBXFileReference; lastKnownFileType = sourcecode.swift; path = InternetStatus.swift; sourceTree = "<group>"; };
		ACC914FA2A43777C00FAF1D3 /* CatalogoElektra.app */ = {isa = PBXFileReference; explicitFileType = wrapper.application; includeInIndex = 0; path = CatalogoElektra.app; sourceTree = BUILT_PRODUCTS_DIR; };
		ACC914FD2A43777C00FAF1D3 /* AppDelegate.swift */ = {isa = PBXFileReference; lastKnownFileType = sourcecode.swift; path = AppDelegate.swift; sourceTree = "<group>"; };
		ACC914FF2A43777C00FAF1D3 /* SceneDelegate.swift */ = {isa = PBXFileReference; lastKnownFileType = sourcecode.swift; path = SceneDelegate.swift; sourceTree = "<group>"; };
		ACC915012A43777C00FAF1D3 /* ViewController.swift */ = {isa = PBXFileReference; lastKnownFileType = sourcecode.swift; path = ViewController.swift; sourceTree = "<group>"; };
		ACC915042A43777C00FAF1D3 /* Base */ = {isa = PBXFileReference; lastKnownFileType = file.storyboard; name = Base; path = Base.lproj/Main.storyboard; sourceTree = "<group>"; };
		ACC915062A43777E00FAF1D3 /* Assets.xcassets */ = {isa = PBXFileReference; lastKnownFileType = folder.assetcatalog; path = Assets.xcassets; sourceTree = "<group>"; };
		ACC915092A43777E00FAF1D3 /* Base */ = {isa = PBXFileReference; lastKnownFileType = file.storyboard; name = Base; path = Base.lproj/LaunchScreen.storyboard; sourceTree = "<group>"; };
		ACC9150B2A43777E00FAF1D3 /* Info.plist */ = {isa = PBXFileReference; lastKnownFileType = text.plist.xml; path = Info.plist; sourceTree = "<group>"; };
		ACC915102A43777E00FAF1D3 /* CatalogoElektraTests.xctest */ = {isa = PBXFileReference; explicitFileType = wrapper.cfbundle; includeInIndex = 0; path = CatalogoElektraTests.xctest; sourceTree = BUILT_PRODUCTS_DIR; };
		ACC915142A43777E00FAF1D3 /* CatalogoElektraTests.swift */ = {isa = PBXFileReference; lastKnownFileType = sourcecode.swift; path = CatalogoElektraTests.swift; sourceTree = "<group>"; };
		ACC9151A2A43777E00FAF1D3 /* CatalogoElektraUITests.xctest */ = {isa = PBXFileReference; explicitFileType = wrapper.cfbundle; includeInIndex = 0; path = CatalogoElektraUITests.xctest; sourceTree = BUILT_PRODUCTS_DIR; };
		ACC9151E2A43777E00FAF1D3 /* CatalogoElektraUITests.swift */ = {isa = PBXFileReference; lastKnownFileType = sourcecode.swift; path = CatalogoElektraUITests.swift; sourceTree = "<group>"; };
		ACC915202A43777E00FAF1D3 /* CatalogoElektraUITestsLaunchTests.swift */ = {isa = PBXFileReference; lastKnownFileType = sourcecode.swift; path = CatalogoElektraUITestsLaunchTests.swift; sourceTree = "<group>"; };
		ACC9152D2A437DF500FAF1D3 /* CatalogoViewController.swift */ = {isa = PBXFileReference; lastKnownFileType = sourcecode.swift; path = CatalogoViewController.swift; sourceTree = "<group>"; };
		ACC915312A4384B800FAF1D3 /* DataProduct.swift */ = {isa = PBXFileReference; lastKnownFileType = sourcecode.swift; path = DataProduct.swift; sourceTree = "<group>"; };
		ACC915342A43868800FAF1D3 /* DataCatalog.swift */ = {isa = PBXFileReference; lastKnownFileType = sourcecode.swift; path = DataCatalog.swift; sourceTree = "<group>"; };
		ACC915362A43873200FAF1D3 /* Resultado.swift */ = {isa = PBXFileReference; lastKnownFileType = sourcecode.swift; path = Resultado.swift; sourceTree = "<group>"; };
		ACC915382A4387C300FAF1D3 /* Paginacion.swift */ = {isa = PBXFileReference; lastKnownFileType = sourcecode.swift; path = Paginacion.swift; sourceTree = "<group>"; };
		ACC9153A2A43880F00FAF1D3 /* Producto.swift */ = {isa = PBXFileReference; lastKnownFileType = sourcecode.swift; path = Producto.swift; sourceTree = "<group>"; };
		ACC9153C2A4388FB00FAF1D3 /* AbonosSemanale.swift */ = {isa = PBXFileReference; lastKnownFileType = sourcecode.swift; path = AbonosSemanale.swift; sourceTree = "<group>"; };
		ACC915422A43B79F00FAF1D3 /* CellProductTableViewCell.swift */ = {isa = PBXFileReference; lastKnownFileType = sourcecode.swift; path = CellProductTableViewCell.swift; sourceTree = "<group>"; };
		ACC915432A43B79F00FAF1D3 /* CellProductTableViewCell.xib */ = {isa = PBXFileReference; lastKnownFileType = file.xib; path = CellProductTableViewCell.xib; sourceTree = "<group>"; };
/* End PBXFileReference section */

/* Begin PBXFrameworksBuildPhase section */
		ACC914F72A43777C00FAF1D3 /* Frameworks */ = {
			isa = PBXFrameworksBuildPhase;
			buildActionMask = 2147483647;
			files = (
			);
			runOnlyForDeploymentPostprocessing = 0;
		};
		ACC9150D2A43777E00FAF1D3 /* Frameworks */ = {
			isa = PBXFrameworksBuildPhase;
			buildActionMask = 2147483647;
			files = (
			);
			runOnlyForDeploymentPostprocessing = 0;
		};
		ACC915172A43777E00FAF1D3 /* Frameworks */ = {
			isa = PBXFrameworksBuildPhase;
			buildActionMask = 2147483647;
			files = (
			);
			runOnlyForDeploymentPostprocessing = 0;
		};
/* End PBXFrameworksBuildPhase section */

/* Begin PBXGroup section */
		ACA39FB82A461CD20019CDBB /* Network */ = {
			isa = PBXGroup;
			children = (
				ACA39FB92A461D000019CDBB /* InternetStatus.swift */,
			);
			path = Network;
			sourceTree = "<group>";
		};
		ACC914F12A43777C00FAF1D3 = {
			isa = PBXGroup;
			children = (
				ACC914FC2A43777C00FAF1D3 /* CatalogoElektra */,
				ACC915132A43777E00FAF1D3 /* CatalogoElektraTests */,
				ACC9151D2A43777E00FAF1D3 /* CatalogoElektraUITests */,
				ACC914FB2A43777C00FAF1D3 /* Products */,
			);
			sourceTree = "<group>";
		};
		ACC914FB2A43777C00FAF1D3 /* Products */ = {
			isa = PBXGroup;
			children = (
				ACC914FA2A43777C00FAF1D3 /* CatalogoElektra.app */,
				ACC915102A43777E00FAF1D3 /* CatalogoElektraTests.xctest */,
				ACC9151A2A43777E00FAF1D3 /* CatalogoElektraUITests.xctest */,
			);
			name = Products;
			sourceTree = "<group>";
		};
		ACC914FC2A43777C00FAF1D3 /* CatalogoElektra */ = {
			isa = PBXGroup;
			children = (
				ACA39FB82A461CD20019CDBB /* Network */,
				ACC915332A43866A00FAF1D3 /* Models */,
				ACC914FD2A43777C00FAF1D3 /* AppDelegate.swift */,
				ACC914FF2A43777C00FAF1D3 /* SceneDelegate.swift */,
				ACC915012A43777C00FAF1D3 /* ViewController.swift */,
				ACC915032A43777C00FAF1D3 /* Main.storyboard */,
				ACC915062A43777E00FAF1D3 /* Assets.xcassets */,
				ACC915082A43777E00FAF1D3 /* LaunchScreen.storyboard */,
				ACC9150B2A43777E00FAF1D3 /* Info.plist */,
				ACC9152D2A437DF500FAF1D3 /* CatalogoViewController.swift */,
				ACC915312A4384B800FAF1D3 /* DataProduct.swift */,
				ACC915422A43B79F00FAF1D3 /* CellProductTableViewCell.swift */,
				ACC915432A43B79F00FAF1D3 /* CellProductTableViewCell.xib */,
			);
			path = CatalogoElektra;
			sourceTree = "<group>";
		};
		ACC915132A43777E00FAF1D3 /* CatalogoElektraTests */ = {
			isa = PBXGroup;
			children = (
				ACC915142A43777E00FAF1D3 /* CatalogoElektraTests.swift */,
			);
			path = CatalogoElektraTests;
			sourceTree = "<group>";
		};
		ACC9151D2A43777E00FAF1D3 /* CatalogoElektraUITests */ = {
			isa = PBXGroup;
			children = (
				ACC9151E2A43777E00FAF1D3 /* CatalogoElektraUITests.swift */,
				ACC915202A43777E00FAF1D3 /* CatalogoElektraUITestsLaunchTests.swift */,
			);
			path = CatalogoElektraUITests;
			sourceTree = "<group>";
		};
		ACC915332A43866A00FAF1D3 /* Models */ = {
			isa = PBXGroup;
			children = (
				ACC915342A43868800FAF1D3 /* DataCatalog.swift */,
				ACC915362A43873200FAF1D3 /* Resultado.swift */,
				ACC915382A4387C300FAF1D3 /* Paginacion.swift */,
				ACC9153A2A43880F00FAF1D3 /* Producto.swift */,
				ACC9153C2A4388FB00FAF1D3 /* AbonosSemanale.swift */,
			);
			path = Models;
			sourceTree = "<group>";
		};
/* End PBXGroup section */

/* Begin PBXNativeTarget section */
		ACC914F92A43777C00FAF1D3 /* CatalogoElektra */ = {
			isa = PBXNativeTarget;
			buildConfigurationList = ACC915242A43777E00FAF1D3 /* Build configuration list for PBXNativeTarget "CatalogoElektra" */;
			buildPhases = (
				ACC914F62A43777C00FAF1D3 /* Sources */,
				ACC914F72A43777C00FAF1D3 /* Frameworks */,
				ACC914F82A43777C00FAF1D3 /* Resources */,
			);
			buildRules = (
			);
			dependencies = (
			);
			name = CatalogoElektra;
			productName = CatalogoElektra;
			productReference = ACC914FA2A43777C00FAF1D3 /* CatalogoElektra.app */;
			productType = "com.apple.product-type.application";
		};
		ACC9150F2A43777E00FAF1D3 /* CatalogoElektraTests */ = {
			isa = PBXNativeTarget;
			buildConfigurationList = ACC915272A43777E00FAF1D3 /* Build configuration list for PBXNativeTarget "CatalogoElektraTests" */;
			buildPhases = (
				ACC9150C2A43777E00FAF1D3 /* Sources */,
				ACC9150D2A43777E00FAF1D3 /* Frameworks */,
				ACC9150E2A43777E00FAF1D3 /* Resources */,
			);
			buildRules = (
			);
			dependencies = (
				ACC915122A43777E00FAF1D3 /* PBXTargetDependency */,
			);
			name = CatalogoElektraTests;
			productName = CatalogoElektraTests;
			productReference = ACC915102A43777E00FAF1D3 /* CatalogoElektraTests.xctest */;
			productType = "com.apple.product-type.bundle.unit-test";
		};
		ACC915192A43777E00FAF1D3 /* CatalogoElektraUITests */ = {
			isa = PBXNativeTarget;
			buildConfigurationList = ACC9152A2A43777E00FAF1D3 /* Build configuration list for PBXNativeTarget "CatalogoElektraUITests" */;
			buildPhases = (
				ACC915162A43777E00FAF1D3 /* Sources */,
				ACC915172A43777E00FAF1D3 /* Frameworks */,
				ACC915182A43777E00FAF1D3 /* Resources */,
			);
			buildRules = (
			);
			dependencies = (
				ACC9151C2A43777E00FAF1D3 /* PBXTargetDependency */,
			);
			name = CatalogoElektraUITests;
			productName = CatalogoElektraUITests;
			productReference = ACC9151A2A43777E00FAF1D3 /* CatalogoElektraUITests.xctest */;
			productType = "com.apple.product-type.bundle.ui-testing";
		};
/* End PBXNativeTarget section */

/* Begin PBXProject section */
		ACC914F22A43777C00FAF1D3 /* Project object */ = {
			isa = PBXProject;
			attributes = {
				BuildIndependentTargetsInParallel = 1;
				LastSwiftUpdateCheck = 1430;
				LastUpgradeCheck = 1430;
				TargetAttributes = {
					ACC914F92A43777C00FAF1D3 = {
						CreatedOnToolsVersion = 14.3.1;
					};
					ACC9150F2A43777E00FAF1D3 = {
						CreatedOnToolsVersion = 14.3.1;
						TestTargetID = ACC914F92A43777C00FAF1D3;
					};
					ACC915192A43777E00FAF1D3 = {
						CreatedOnToolsVersion = 14.3.1;
						TestTargetID = ACC914F92A43777C00FAF1D3;
					};
				};
			};
			buildConfigurationList = ACC914F52A43777C00FAF1D3 /* Build configuration list for PBXProject "CatalogoElektra" */;
			compatibilityVersion = "Xcode 14.0";
			developmentRegion = en;
			hasScannedForEncodings = 0;
			knownRegions = (
				en,
				Base,
			);
			mainGroup = ACC914F12A43777C00FAF1D3;
			productRefGroup = ACC914FB2A43777C00FAF1D3 /* Products */;
			projectDirPath = "";
			projectRoot = "";
			targets = (
				ACC914F92A43777C00FAF1D3 /* CatalogoElektra */,
				ACC9150F2A43777E00FAF1D3 /* CatalogoElektraTests */,
				ACC915192A43777E00FAF1D3 /* CatalogoElektraUITests */,
			);
		};
/* End PBXProject section */

/* Begin PBXResourcesBuildPhase section */
		ACC914F82A43777C00FAF1D3 /* Resources */ = {
			isa = PBXResourcesBuildPhase;
			buildActionMask = 2147483647;
			files = (
				ACC9150A2A43777E00FAF1D3 /* LaunchScreen.storyboard in Resources */,
				ACC915452A43B79F00FAF1D3 /* CellProductTableViewCell.xib in Resources */,
				ACC915072A43777E00FAF1D3 /* Assets.xcassets in Resources */,
				ACC915052A43777C00FAF1D3 /* Main.storyboard in Resources */,
			);
			runOnlyForDeploymentPostprocessing = 0;
		};
		ACC9150E2A43777E00FAF1D3 /* Resources */ = {
			isa = PBXResourcesBuildPhase;
			buildActionMask = 2147483647;
			files = (
			);
			runOnlyForDeploymentPostprocessing = 0;
		};
		ACC915182A43777E00FAF1D3 /* Resources */ = {
			isa = PBXResourcesBuildPhase;
			buildActionMask = 2147483647;
			files = (
			);
			runOnlyForDeploymentPostprocessing = 0;
		};
/* End PBXResourcesBuildPhase section */

/* Begin PBXSourcesBuildPhase section */
		ACC914F62A43777C00FAF1D3 /* Sources */ = {
			isa = PBXSourcesBuildPhase;
			buildActionMask = 2147483647;
			files = (
				ACC9152E2A437DF500FAF1D3 /* CatalogoViewController.swift in Sources */,
				ACC915022A43777C00FAF1D3 /* ViewController.swift in Sources */,
				ACC915392A4387C300FAF1D3 /* Paginacion.swift in Sources */,
				ACC9153D2A4388FB00FAF1D3 /* AbonosSemanale.swift in Sources */,
				ACA39FBA2A461D000019CDBB /* InternetStatus.swift in Sources */,
				ACC915322A4384B800FAF1D3 /* DataProduct.swift in Sources */,
				ACC914FE2A43777C00FAF1D3 /* AppDelegate.swift in Sources */,
				ACC915372A43873200FAF1D3 /* Resultado.swift in Sources */,
				ACC9153B2A43880F00FAF1D3 /* Producto.swift in Sources */,
				ACC915442A43B79F00FAF1D3 /* CellProductTableViewCell.swift in Sources */,
				ACC915002A43777C00FAF1D3 /* SceneDelegate.swift in Sources */,
				ACC915352A43868800FAF1D3 /* DataCatalog.swift in Sources */,
			);
			runOnlyForDeploymentPostprocessing = 0;
		};
		ACC9150C2A43777E00FAF1D3 /* Sources */ = {
			isa = PBXSourcesBuildPhase;
			buildActionMask = 2147483647;
			files = (
				ACC915152A43777E00FAF1D3 /* CatalogoElektraTests.swift in Sources */,
			);
			runOnlyForDeploymentPostprocessing = 0;
		};
		ACC915162A43777E00FAF1D3 /* Sources */ = {
			isa = PBXSourcesBuildPhase;
			buildActionMask = 2147483647;
			files = (
				ACC9151F2A43777E00FAF1D3 /* CatalogoElektraUITests.swift in Sources */,
				ACC915212A43777E00FAF1D3 /* CatalogoElektraUITestsLaunchTests.swift in Sources */,
			);
			runOnlyForDeploymentPostprocessing = 0;
		};
/* End PBXSourcesBuildPhase section */

/* Begin PBXTargetDependency section */
		ACC915122A43777E00FAF1D3 /* PBXTargetDependency */ = {
			isa = PBXTargetDependency;
			target = ACC914F92A43777C00FAF1D3 /* CatalogoElektra */;
			targetProxy = ACC915112A43777E00FAF1D3 /* PBXContainerItemProxy */;
		};
		ACC9151C2A43777E00FAF1D3 /* PBXTargetDependency */ = {
			isa = PBXTargetDependency;
			target = ACC914F92A43777C00FAF1D3 /* CatalogoElektra */;
			targetProxy = ACC9151B2A43777E00FAF1D3 /* PBXContainerItemProxy */;
		};
/* End PBXTargetDependency section */

/* Begin PBXVariantGroup section */
		ACC915032A43777C00FAF1D3 /* Main.storyboard */ = {
			isa = PBXVariantGroup;
			children = (
				ACC915042A43777C00FAF1D3 /* Base */,
			);
			name = Main.storyboard;
			sourceTree = "<group>";
		};
		ACC915082A43777E00FAF1D3 /* LaunchScreen.storyboard */ = {
			isa = PBXVariantGroup;
			children = (
				ACC915092A43777E00FAF1D3 /* Base */,
			);
			name = LaunchScreen.storyboard;
			sourceTree = "<group>";
		};
/* End PBXVariantGroup section */

/* Begin XCBuildConfiguration section */
		ACC915222A43777E00FAF1D3 /* Debug */ = {
			isa = XCBuildConfiguration;
			buildSettings = {
				ALWAYS_SEARCH_USER_PATHS = NO;
				CLANG_ANALYZER_NONNULL = YES;
				CLANG_ANALYZER_NUMBER_OBJECT_CONVERSION = YES_AGGRESSIVE;
				CLANG_CXX_LANGUAGE_STANDARD = "gnu++20";
				CLANG_ENABLE_MODULES = YES;
				CLANG_ENABLE_OBJC_ARC = YES;
				CLANG_ENABLE_OBJC_WEAK = YES;
				CLANG_WARN_BLOCK_CAPTURE_AUTORELEASING = YES;
				CLANG_WARN_BOOL_CONVERSION = YES;
				CLANG_WARN_COMMA = YES;
				CLANG_WARN_CONSTANT_CONVERSION = YES;
				CLANG_WARN_DEPRECATED_OBJC_IMPLEMENTATIONS = YES;
				CLANG_WARN_DIRECT_OBJC_ISA_USAGE = YES_ERROR;
				CLANG_WARN_DOCUMENTATION_COMMENTS = YES;
				CLANG_WARN_EMPTY_BODY = YES;
				CLANG_WARN_ENUM_CONVERSION = YES;
				CLANG_WARN_INFINITE_RECURSION = YES;
				CLANG_WARN_INT_CONVERSION = YES;
				CLANG_WARN_NON_LITERAL_NULL_CONVERSION = YES;
				CLANG_WARN_OBJC_IMPLICIT_RETAIN_SELF = YES;
				CLANG_WARN_OBJC_LITERAL_CONVERSION = YES;
				CLANG_WARN_OBJC_ROOT_CLASS = YES_ERROR;
				CLANG_WARN_QUOTED_INCLUDE_IN_FRAMEWORK_HEADER = YES;
				CLANG_WARN_RANGE_LOOP_ANALYSIS = YES;
				CLANG_WARN_STRICT_PROTOTYPES = YES;
				CLANG_WARN_SUSPICIOUS_MOVE = YES;
				CLANG_WARN_UNGUARDED_AVAILABILITY = YES_AGGRESSIVE;
				CLANG_WARN_UNREACHABLE_CODE = YES;
				CLANG_WARN__DUPLICATE_METHOD_MATCH = YES;
				COPY_PHASE_STRIP = NO;
				DEBUG_INFORMATION_FORMAT = dwarf;
				ENABLE_STRICT_OBJC_MSGSEND = YES;
				ENABLE_TESTABILITY = YES;
				GCC_C_LANGUAGE_STANDARD = gnu11;
				GCC_DYNAMIC_NO_PIC = NO;
				GCC_NO_COMMON_BLOCKS = YES;
				GCC_OPTIMIZATION_LEVEL = 0;
				GCC_PREPROCESSOR_DEFINITIONS = (
					"DEBUG=1",
					"$(inherited)",
				);
				GCC_WARN_64_TO_32_BIT_CONVERSION = YES;
				GCC_WARN_ABOUT_RETURN_TYPE = YES_ERROR;
				GCC_WARN_UNDECLARED_SELECTOR = YES;
				GCC_WARN_UNINITIALIZED_AUTOS = YES_AGGRESSIVE;
				GCC_WARN_UNUSED_FUNCTION = YES;
				GCC_WARN_UNUSED_VARIABLE = YES;
				IPHONEOS_DEPLOYMENT_TARGET = 16.4;
				MTL_ENABLE_DEBUG_INFO = INCLUDE_SOURCE;
				MTL_FAST_MATH = YES;
				ONLY_ACTIVE_ARCH = YES;
				SDKROOT = iphoneos;
				SWIFT_ACTIVE_COMPILATION_CONDITIONS = DEBUG;
				SWIFT_OPTIMIZATION_LEVEL = "-Onone";
			};
			name = Debug;
		};
		ACC915232A43777E00FAF1D3 /* Release */ = {
			isa = XCBuildConfiguration;
			buildSettings = {
				ALWAYS_SEARCH_USER_PATHS = NO;
				CLANG_ANALYZER_NONNULL = YES;
				CLANG_ANALYZER_NUMBER_OBJECT_CONVERSION = YES_AGGRESSIVE;
				CLANG_CXX_LANGUAGE_STANDARD = "gnu++20";
				CLANG_ENABLE_MODULES = YES;
				CLANG_ENABLE_OBJC_ARC = YES;
				CLANG_ENABLE_OBJC_WEAK = YES;
				CLANG_WARN_BLOCK_CAPTURE_AUTORELEASING = YES;
				CLANG_WARN_BOOL_CONVERSION = YES;
				CLANG_WARN_COMMA = YES;
				CLANG_WARN_CONSTANT_CONVERSION = YES;
				CLANG_WARN_DEPRECATED_OBJC_IMPLEMENTATIONS = YES;
				CLANG_WARN_DIRECT_OBJC_ISA_USAGE = YES_ERROR;
				CLANG_WARN_DOCUMENTATION_COMMENTS = YES;
				CLANG_WARN_EMPTY_BODY = YES;
				CLANG_WARN_ENUM_CONVERSION = YES;
				CLANG_WARN_INFINITE_RECURSION = YES;
				CLANG_WARN_INT_CONVERSION = YES;
				CLANG_WARN_NON_LITERAL_NULL_CONVERSION = YES;
				CLANG_WARN_OBJC_IMPLICIT_RETAIN_SELF = YES;
				CLANG_WARN_OBJC_LITERAL_CONVERSION = YES;
				CLANG_WARN_OBJC_ROOT_CLASS = YES_ERROR;
				CLANG_WARN_QUOTED_INCLUDE_IN_FRAMEWORK_HEADER = YES;
				CLANG_WARN_RANGE_LOOP_ANALYSIS = YES;
				CLANG_WARN_STRICT_PROTOTYPES = YES;
				CLANG_WARN_SUSPICIOUS_MOVE = YES;
				CLANG_WARN_UNGUARDED_AVAILABILITY = YES_AGGRESSIVE;
				CLANG_WARN_UNREACHABLE_CODE = YES;
				CLANG_WARN__DUPLICATE_METHOD_MATCH = YES;
				COPY_PHASE_STRIP = NO;
				DEBUG_INFORMATION_FORMAT = "dwarf-with-dsym";
				ENABLE_NS_ASSERTIONS = NO;
				ENABLE_STRICT_OBJC_MSGSEND = YES;
				GCC_C_LANGUAGE_STANDARD = gnu11;
				GCC_NO_COMMON_BLOCKS = YES;
				GCC_WARN_64_TO_32_BIT_CONVERSION = YES;
				GCC_WARN_ABOUT_RETURN_TYPE = YES_ERROR;
				GCC_WARN_UNDECLARED_SELECTOR = YES;
				GCC_WARN_UNINITIALIZED_AUTOS = YES_AGGRESSIVE;
				GCC_WARN_UNUSED_FUNCTION = YES;
				GCC_WARN_UNUSED_VARIABLE = YES;
				IPHONEOS_DEPLOYMENT_TARGET = 16.4;
				MTL_ENABLE_DEBUG_INFO = NO;
				MTL_FAST_MATH = YES;
				SDKROOT = iphoneos;
				SWIFT_COMPILATION_MODE = wholemodule;
				SWIFT_OPTIMIZATION_LEVEL = "-O";
				VALIDATE_PRODUCT = YES;
			};
			name = Release;
		};
		ACC915252A43777E00FAF1D3 /* Debug */ = {
			isa = XCBuildConfiguration;
			buildSettings = {
				ASSETCATALOG_COMPILER_APPICON_NAME = AppIcon;
				ASSETCATALOG_COMPILER_GLOBAL_ACCENT_COLOR_NAME = AccentColor;
				CODE_SIGN_STYLE = Automatic;
				CURRENT_PROJECT_VERSION = 1;
				DEVELOPMENT_TEAM = 2N4J38778J;
				GENERATE_INFOPLIST_FILE = YES;
				INFOPLIST_FILE = CatalogoElektra/Info.plist;
				INFOPLIST_KEY_UIApplicationSupportsIndirectInputEvents = YES;
				INFOPLIST_KEY_UILaunchStoryboardName = LaunchScreen;
				INFOPLIST_KEY_UIMainStoryboardFile = Main;
				INFOPLIST_KEY_UISupportedInterfaceOrientations_iPad = "UIInterfaceOrientationPortrait UIInterfaceOrientationPortraitUpsideDown UIInterfaceOrientationLandscapeLeft UIInterfaceOrientationLandscapeRight";
				INFOPLIST_KEY_UISupportedInterfaceOrientations_iPhone = "UIInterfaceOrientationPortrait UIInterfaceOrientationLandscapeLeft UIInterfaceOrientationLandscapeRight";
				LD_RUNPATH_SEARCH_PATHS = (
					"$(inherited)",
					"@executable_path/Frameworks",
				);
				MARKETING_VERSION = 1.0;
				PRODUCT_BUNDLE_IDENTIFIER = salvador.gomez.CatalogoElektra;
				PRODUCT_NAME = "$(TARGET_NAME)";
				SWIFT_EMIT_LOC_STRINGS = YES;
				SWIFT_VERSION = 5.0;
				TARGETED_DEVICE_FAMILY = "1,2";
			};
			name = Debug;
		};
		ACC915262A43777E00FAF1D3 /* Release */ = {
			isa = XCBuildConfiguration;
			buildSettings = {
				ASSETCATALOG_COMPILER_APPICON_NAME = AppIcon;
				ASSETCATALOG_COMPILER_GLOBAL_ACCENT_COLOR_NAME = AccentColor;
				CODE_SIGN_STYLE = Automatic;
				CURRENT_PROJECT_VERSION = 1;
				DEVELOPMENT_TEAM = 2N4J38778J;
				GENERATE_INFOPLIST_FILE = YES;
				INFOPLIST_FILE = CatalogoElektra/Info.plist;
				INFOPLIST_KEY_UIApplicationSupportsIndirectInputEvents = YES;
				INFOPLIST_KEY_UILaunchStoryboardName = LaunchScreen;
				INFOPLIST_KEY_UIMainStoryboardFile = Main;
				INFOPLIST_KEY_UISupportedInterfaceOrientations_iPad = "UIInterfaceOrientationPortrait UIInterfaceOrientationPortraitUpsideDown UIInterfaceOrientationLandscapeLeft UIInterfaceOrientationLandscapeRight";
				INFOPLIST_KEY_UISupportedInterfaceOrientations_iPhone = "UIInterfaceOrientationPortrait UIInterfaceOrientationLandscapeLeft UIInterfaceOrientationLandscapeRight";
				LD_RUNPATH_SEARCH_PATHS = (
					"$(inherited)",
					"@executable_path/Frameworks",
				);
				MARKETING_VERSION = 1.0;
				PRODUCT_BUNDLE_IDENTIFIER = salvador.gomez.CatalogoElektra;
				PRODUCT_NAME = "$(TARGET_NAME)";
				SWIFT_EMIT_LOC_STRINGS = YES;
				SWIFT_VERSION = 5.0;
				TARGETED_DEVICE_FAMILY = "1,2";
			};
			name = Release;
		};
		ACC915282A43777E00FAF1D3 /* Debug */ = {
			isa = XCBuildConfiguration;
			buildSettings = {
				ALWAYS_EMBED_SWIFT_STANDARD_LIBRARIES = YES;
				BUNDLE_LOADER = "$(TEST_HOST)";
				CODE_SIGN_STYLE = Automatic;
				CURRENT_PROJECT_VERSION = 1;
				DEVELOPMENT_TEAM = 2N4J38778J;
				GENERATE_INFOPLIST_FILE = YES;
				IPHONEOS_DEPLOYMENT_TARGET = 16.4;
				MARKETING_VERSION = 1.0;
				PRODUCT_BUNDLE_IDENTIFIER = salvador.gomez.CatalogoElektraTests;
				PRODUCT_NAME = "$(TARGET_NAME)";
				SWIFT_EMIT_LOC_STRINGS = NO;
				SWIFT_VERSION = 5.0;
				TARGETED_DEVICE_FAMILY = "1,2";
				TEST_HOST = "$(BUILT_PRODUCTS_DIR)/CatalogoElektra.app/$(BUNDLE_EXECUTABLE_FOLDER_PATH)/CatalogoElektra";
			};
			name = Debug;
		};
		ACC915292A43777E00FAF1D3 /* Release */ = {
			isa = XCBuildConfiguration;
			buildSettings = {
				ALWAYS_EMBED_SWIFT_STANDARD_LIBRARIES = YES;
				BUNDLE_LOADER = "$(TEST_HOST)";
				CODE_SIGN_STYLE = Automatic;
				CURRENT_PROJECT_VERSION = 1;
				DEVELOPMENT_TEAM = 2N4J38778J;
				GENERATE_INFOPLIST_FILE = YES;
				IPHONEOS_DEPLOYMENT_TARGET = 16.4;
				MARKETING_VERSION = 1.0;
				PRODUCT_BUNDLE_IDENTIFIER = salvador.gomez.CatalogoElektraTests;
				PRODUCT_NAME = "$(TARGET_NAME)";
				SWIFT_EMIT_LOC_STRINGS = NO;
				SWIFT_VERSION = 5.0;
				TARGETED_DEVICE_FAMILY = "1,2";
				TEST_HOST = "$(BUILT_PRODUCTS_DIR)/CatalogoElektra.app/$(BUNDLE_EXECUTABLE_FOLDER_PATH)/CatalogoElektra";
			};
			name = Release;
		};
		ACC9152B2A43777E00FAF1D3 /* Debug */ = {
			isa = XCBuildConfiguration;
			buildSettings = {
				ALWAYS_EMBED_SWIFT_STANDARD_LIBRARIES = YES;
				CODE_SIGN_STYLE = Automatic;
				CURRENT_PROJECT_VERSION = 1;
				DEVELOPMENT_TEAM = 2N4J38778J;
				GENERATE_INFOPLIST_FILE = YES;
				MARKETING_VERSION = 1.0;
				PRODUCT_BUNDLE_IDENTIFIER = salvador.gomez.CatalogoElektraUITests;
				PRODUCT_NAME = "$(TARGET_NAME)";
				SWIFT_EMIT_LOC_STRINGS = NO;
				SWIFT_VERSION = 5.0;
				TARGETED_DEVICE_FAMILY = "1,2";
				TEST_TARGET_NAME = CatalogoElektra;
			};
			name = Debug;
		};
		ACC9152C2A43777E00FAF1D3 /* Release */ = {
			isa = XCBuildConfiguration;
			buildSettings = {
				ALWAYS_EMBED_SWIFT_STANDARD_LIBRARIES = YES;
				CODE_SIGN_STYLE = Automatic;
				CURRENT_PROJECT_VERSION = 1;
				DEVELOPMENT_TEAM = 2N4J38778J;
				GENERATE_INFOPLIST_FILE = YES;
				MARKETING_VERSION = 1.0;
				PRODUCT_BUNDLE_IDENTIFIER = salvador.gomez.CatalogoElektraUITests;
				PRODUCT_NAME = "$(TARGET_NAME)";
				SWIFT_EMIT_LOC_STRINGS = NO;
				SWIFT_VERSION = 5.0;
				TARGETED_DEVICE_FAMILY = "1,2";
				TEST_TARGET_NAME = CatalogoElektra;
			};
			name = Release;
		};
/* End XCBuildConfiguration section */

/* Begin XCConfigurationList section */
		ACC914F52A43777C00FAF1D3 /* Build configuration list for PBXProject "CatalogoElektra" */ = {
			isa = XCConfigurationList;
			buildConfigurations = (
				ACC915222A43777E00FAF1D3 /* Debug */,
				ACC915232A43777E00FAF1D3 /* Release */,
			);
			defaultConfigurationIsVisible = 0;
			defaultConfigurationName = Release;
		};
		ACC915242A43777E00FAF1D3 /* Build configuration list for PBXNativeTarget "CatalogoElektra" */ = {
			isa = XCConfigurationList;
			buildConfigurations = (
				ACC915252A43777E00FAF1D3 /* Debug */,
				ACC915262A43777E00FAF1D3 /* Release */,
			);
			defaultConfigurationIsVisible = 0;
			defaultConfigurationName = Release;
		};
		ACC915272A43777E00FAF1D3 /* Build configuration list for PBXNativeTarget "CatalogoElektraTests" */ = {
			isa = XCConfigurationList;
			buildConfigurations = (
				ACC915282A43777E00FAF1D3 /* Debug */,
				ACC915292A43777E00FAF1D3 /* Release */,
			);
			defaultConfigurationIsVisible = 0;
			defaultConfigurationName = Release;
		};
		ACC9152A2A43777E00FAF1D3 /* Build configuration list for PBXNativeTarget "CatalogoElektraUITests" */ = {
			isa = XCConfigurationList;
			buildConfigurations = (
				ACC9152B2A43777E00FAF1D3 /* Debug */,
				ACC9152C2A43777E00FAF1D3 /* Release */,
			);
			defaultConfigurationIsVisible = 0;
			defaultConfigurationName = Release;
		};
/* End XCConfigurationList section */
	};
	rootObject = ACC914F22A43777C00FAF1D3 /* Project object */;
}
